
Microsoft Visual Studio Solution File, Format Version 12.00
# Visual Studio Version 17
VisualStudioVersion = 17.9.34723.18
MinimumVisualStudioVersion = 10.0.40219.1
Project("{9A19103F-16F7-4668-BE54-9A1E7A4F7556}") = "Kbvm.Photography.Functions", "Kbvm.Photography.Functions\Kbvm.Photography.Functions.csproj", "{FBDC9A6C-FE1F-4E68-B18E-B7304C6B3444}"
EndProject
Project("{9A19103F-16F7-4668-BE54-9A1E7A4F7556}") = "Kbvm.Photograph.Shared", "Kbvm.Photograph.Shared\Kbvm.Photograph.Shared.csproj", "{9A91E930-7270-442A-A100-C8927AA67D30}"
EndProject
Project("{FAE04EC0-301F-11D3-BF4B-00C04F79EFBC}") = "Kbvm.Photography.Blazor", "Kbvm.Photography.Blazor\Kbvm.Photography.Blazor.csproj", "{CB855DB0-E4C1-4D82-8460-0CC97443522A}"
EndProject
Global
	GlobalSection(SolutionConfigurationPlatforms) = preSolution
		Debug|Any CPU = Debug|Any CPU
		Release|Any CPU = Release|Any CPU
	EndGlobalSection
	GlobalSection(ProjectConfigurationPlatforms) = postSolution
		{FBDC9A6C-FE1F-4E68-B18E-B7304C6B3444}.Debug|Any CPU.ActiveCfg = Debug|Any CPU
		{FBDC9A6C-FE1F-4E68-B18E-B7304C6B3444}.Debug|Any CPU.Build.0 = Debug|Any CPU
		{FBDC9A6C-FE1F-4E68-B18E-B7304C6B3444}.Release|Any CPU.ActiveCfg = Release|Any CPU
		{FBDC9A6C-FE1F-4E68-B18E-B7304C6B3444}.Release|Any CPU.Build.0 = Release|Any CPU
		{9A91E930-7270-442A-A100-C8927AA67D30}.Debug|Any CPU.ActiveCfg = Debug|Any CPU
		{9A91E930-7270-442A-A100-C8927AA67D30}.Debug|Any CPU.Build.0 = Debug|Any CPU
		{9A91E930-7270-442A-A100-C8927AA67D30}.Release|Any CPU.ActiveCfg = Release|Any CPU
		{9A91E930-7270-442A-A100-C8927AA67D30}.Release|Any CPU.Build.0 = Release|Any CPU
		{CB855DB0-E4C1-4D82-8460-0CC97443522A}.Debug|Any CPU.ActiveCfg = Debug|Any CPU
		{CB855DB0-E4C1-4D82-8460-0CC97443522A}.Debug|Any CPU.Build.0 = Debug|Any CPU
		{CB855DB0-E4C1-4D82-8460-0CC97443522A}.Release|Any CPU.ActiveCfg = Release|Any CPU
		{CB855DB0-E4C1-4D82-8460-0CC97443522A}.Release|Any CPU.Build.0 = Release|Any CPU
	EndGlobalSection
	GlobalSection(SolutionProperties) = preSolution
		HideSolutionNode = FALSE
	EndGlobalSection
	GlobalSection(ExtensibilityGlobals) = postSolution
		SolutionGuid = {FFD10AF7-2A1E-4049-AFB7-3FB16D52ADC8}
	EndGlobalSection
EndGlobal
